{
  "name": "MoreCommands BP",
  "lockfileVersion": 3,
  "requires": true,
  "packages": {
    "": {
      "devDependencies": {
        "@minecraft/server": "^1.0.0-preview.1.19.60.22"
      }
    },
    "node_modules/@minecraft/server": {
      "version": "1.0.0-preview.1.19.60.22",
      "resolved": "https://registry.npmjs.org/@minecraft/server/-/server-1.0.0-preview.1.19.60.22.tgz",
      "integrity": "sha512-vTnK7lZ5OJHPWwKPpxztBdQrlhI2SV2mHXBEAZLY9vUXsIDyRc9SdFVTvGEoDgOr5DHZrlVQC1hx8h/DYJtFIA==",
      "deprecated": "No longer supported",
      "dev": true
    }
  }
}
